// !$*UTF8*$!
{
	archiveVersion = 1;
	classes = {
	};
	objectVersion = 56;
	objects = {

/* Begin PBXBuildFile section */
		8433552D2BB6E04B008B348C /* AppDelegate.swift in Sources */ = {isa = PBXBuildFile; fileRef = 8433552C2BB6E04B008B348C /* AppDelegate.swift */; };
		8433552F2BB6E04B008B348C /* SceneDelegate.swift in Sources */ = {isa = PBXBuildFile; fileRef = 8433552E2BB6E04B008B348C /* SceneDelegate.swift */; };
		843355312BB6E04B008B348C /* HomeViewController.swift in Sources */ = {isa = PBXBuildFile; fileRef = 843355302BB6E04B008B348C /* HomeViewController.swift */; };
		843355362BB6E04E008B348C /* Assets.xcassets in Resources */ = {isa = PBXBuildFile; fileRef = 843355352BB6E04E008B348C /* Assets.xcassets */; };
		843355392BB6E04E008B348C /* LaunchScreen.storyboard in Resources */ = {isa = PBXBuildFile; fileRef = 843355372BB6E04E008B348C /* LaunchScreen.storyboard */; };
		843355412BB73D82008B348C /* TwoScreenOne.swift in Sources */ = {isa = PBXBuildFile; fileRef = 843355402BB73D82008B348C /* TwoScreenOne.swift */; };
		843355432BB74485008B348C /* UserTabBarController.swift in Sources */ = {isa = PBXBuildFile; fileRef = 843355422BB74485008B348C /* UserTabBarController.swift */; };
		843355452BB74674008B348C /* SearchViewController.swift in Sources */ = {isa = PBXBuildFile; fileRef = 843355442BB74674008B348C /* SearchViewController.swift */; };
		843355472BB74693008B348C /* ProfileViewController.swift in Sources */ = {isa = PBXBuildFile; fileRef = 843355462BB74693008B348C /* ProfileViewController.swift */; };
		843355712BB83B30008B348C /* ThreeScreenOne.swift in Sources */ = {isa = PBXBuildFile; fileRef = 843355702BB83B30008B348C /* ThreeScreenOne.swift */; };
		843355732BB83B4F008B348C /* ThreeScreenTwo.swift in Sources */ = {isa = PBXBuildFile; fileRef = 843355722BB83B4F008B348C /* ThreeScreenTwo.swift */; };
		843355762BB83C14008B348C /* OneScreenOne.swift in Sources */ = {isa = PBXBuildFile; fileRef = 843355752BB83C14008B348C /* OneScreenOne.swift */; };
		8433557E2BB9401B008B348C /* TwoScreenTwo.swift in Sources */ = {isa = PBXBuildFile; fileRef = 8433557D2BB9401B008B348C /* TwoScreenTwo.swift */; };
		843355802BB9445C008B348C /* ThreeScreenThree.swift in Sources */ = {isa = PBXBuildFile; fileRef = 8433557F2BB9445C008B348C /* ThreeScreenThree.swift */; };
/* End PBXBuildFile section */

/* Begin PBXFileReference section */
		843355292BB6E04B008B348C /* m_13_2.app */ = {isa = PBXFileReference; explicitFileType = wrapper.application; includeInIndex = 0; path = m_13_2.app; sourceTree = BUILT_PRODUCTS_DIR; };
		8433552C2BB6E04B008B348C /* AppDelegate.swift */ = {isa = PBXFileReference; lastKnownFileType = sourcecode.swift; path = AppDelegate.swift; sourceTree = "<group>"; };
		8433552E2BB6E04B008B348C /* SceneDelegate.swift */ = {isa = PBXFileReference; lastKnownFileType = sourcecode.swift; path = SceneDelegate.swift; sourceTree = "<group>"; };
		843355302BB6E04B008B348C /* HomeViewController.swift */ = {isa = PBXFileReference; lastKnownFileType = sourcecode.swift; path = HomeViewController.swift; sourceTree = "<group>"; };
		843355352BB6E04E008B348C /* Assets.xcassets */ = {isa = PBXFileReference; lastKnownFileType = folder.assetcatalog; path = Assets.xcassets; sourceTree = "<group>"; };
		843355382BB6E04E008B348C /* Base */ = {isa = PBXFileReference; lastKnownFileType = file.storyboard; name = Base; path = Base.lproj/LaunchScreen.storyboard; sourceTree = "<group>"; };
		8433553A2BB6E04E008B348C /* Info.plist */ = {isa = PBXFileReference; lastKnownFileType = text.plist.xml; path = Info.plist; sourceTree = "<group>"; };
		843355402BB73D82008B348C /* TwoScreenOne.swift */ = {isa = PBXFileReference; lastKnownFileType = sourcecode.swift; path = TwoScreenOne.swift; sourceTree = "<group>"; };
		843355422BB74485008B348C /* UserTabBarController.swift */ = {isa = PBXFileReference; lastKnownFileType = sourcecode.swift; path = UserTabBarController.swift; sourceTree = "<group>"; };
		843355442BB74674008B348C /* SearchViewController.swift */ = {isa = PBXFileReference; lastKnownFileType = sourcecode.swift; path = SearchViewController.swift; sourceTree = "<group>"; };
		843355462BB74693008B348C /* ProfileViewController.swift */ = {isa = PBXFileReference; lastKnownFileType = sourcecode.swift; path = ProfileViewController.swift; sourceTree = "<group>"; };
		843355702BB83B30008B348C /* ThreeScreenOne.swift */ = {isa = PBXFileReference; lastKnownFileType = sourcecode.swift; path = ThreeScreenOne.swift; sourceTree = "<group>"; };
		843355722BB83B4F008B348C /* ThreeScreenTwo.swift */ = {isa = PBXFileReference; lastKnownFileType = sourcecode.swift; path = ThreeScreenTwo.swift; sourceTree = "<group>"; };
		843355752BB83C14008B348C /* OneScreenOne.swift */ = {isa = PBXFileReference; lastKnownFileType = sourcecode.swift; path = OneScreenOne.swift; sourceTree = "<group>"; };
		8433557D2BB9401B008B348C /* TwoScreenTwo.swift */ = {isa = PBXFileReference; lastKnownFileType = sourcecode.swift; path = TwoScreenTwo.swift; sourceTree = "<group>"; };
		8433557F2BB9445C008B348C /* ThreeScreenThree.swift */ = {isa = PBXFileReference; lastKnownFileType = sourcecode.swift; path = ThreeScreenThree.swift; sourceTree = "<group>"; };
/* End PBXFileReference section */

/* Begin PBXFrameworksBuildPhase section */
		843355262BB6E04B008B348C /* Frameworks */ = {
			isa = PBXFrameworksBuildPhase;
			buildActionMask = 2147483647;
			files = (
			);
			runOnlyForDeploymentPostprocessing = 0;
		};
/* End PBXFrameworksBuildPhase section */

/* Begin PBXGroup section */
		843355202BB6E04B008B348C = {
			isa = PBXGroup;
			children = (
				8433552B2BB6E04B008B348C /* m_13_2 */,
				8433552A2BB6E04B008B348C /* Products */,
			);
			sourceTree = "<group>";
		};
		8433552A2BB6E04B008B348C /* Products */ = {
			isa = PBXGroup;
			children = (
				843355292BB6E04B008B348C /* m_13_2.app */,
			);
			name = Products;
			sourceTree = "<group>";
		};
		8433552B2BB6E04B008B348C /* m_13_2 */ = {
			isa = PBXGroup;
			children = (
				8433556E2BB8398C008B348C /* settings */,
				8433556D2BB83941008B348C /* settingsTabBar */,
				8433556F2BB839C4008B348C /* TabBarController */,
				8433556C2BB838CB008B348C /* screen */,
				843355352BB6E04E008B348C /* Assets.xcassets */,
				843355372BB6E04E008B348C /* LaunchScreen.storyboard */,
				8433553A2BB6E04E008B348C /* Info.plist */,
			);
			path = m_13_2;
			sourceTree = "<group>";
		};
		8433556C2BB838CB008B348C /* screen */ = {
			isa = PBXGroup;
			children = (
				843355752BB83C14008B348C /* OneScreenOne.swift */,
				843355402BB73D82008B348C /* TwoScreenOne.swift */,
				8433557D2BB9401B008B348C /* TwoScreenTwo.swift */,
				843355702BB83B30008B348C /* ThreeScreenOne.swift */,
				843355722BB83B4F008B348C /* ThreeScreenTwo.swift */,
				8433557F2BB9445C008B348C /* ThreeScreenThree.swift */,
			);
			path = screen;
			sourceTree = "<group>";
		};
		8433556D2BB83941008B348C /* settingsTabBar */ = {
			isa = PBXGroup;
			children = (
				843355422BB74485008B348C /* UserTabBarController.swift */,
			);
			path = settingsTabBar;
			sourceTree = "<group>";
		};
		8433556E2BB8398C008B348C /* settings */ = {
			isa = PBXGroup;
			children = (
				8433552C2BB6E04B008B348C /* AppDelegate.swift */,
				8433552E2BB6E04B008B348C /* SceneDelegate.swift */,
			);
			path = settings;
			sourceTree = "<group>";
		};
		8433556F2BB839C4008B348C /* TabBarController */ = {
			isa = PBXGroup;
			children = (
				843355302BB6E04B008B348C /* HomeViewController.swift */,
				843355442BB74674008B348C /* SearchViewController.swift */,
				843355462BB74693008B348C /* ProfileViewController.swift */,
			);
			path = TabBarController;
			sourceTree = "<group>";
		};
/* End PBXGroup section */

/* Begin PBXNativeTarget section */
		843355282BB6E04B008B348C /* m_13_2 */ = {
			isa = PBXNativeTarget;
			buildConfigurationList = 8433553D2BB6E04E008B348C /* Build configuration list for PBXNativeTarget "m_13_2" */;
			buildPhases = (
				843355252BB6E04B008B348C /* Sources */,
				843355262BB6E04B008B348C /* Frameworks */,
				843355272BB6E04B008B348C /* Resources */,
			);
			buildRules = (
			);
			dependencies = (
			);
			name = m_13_2;
			productName = m_13_2;
			productReference = 843355292BB6E04B008B348C /* m_13_2.app */;
			productType = "com.apple.product-type.application";
		};
/* End PBXNativeTarget section */

/* Begin PBXProject section */
		843355212BB6E04B008B348C /* Project object */ = {
			isa = PBXProject;
			attributes = {
				BuildIndependentTargetsInParallel = 1;
				LastSwiftUpdateCheck = 1420;
				LastUpgradeCheck = 1420;
				TargetAttributes = {
					843355282BB6E04B008B348C = {
						CreatedOnToolsVersion = 14.2;
					};
				};
			};
			buildConfigurationList = 843355242BB6E04B008B348C /* Build configuration list for PBXProject "m_13_2" */;
			compatibilityVersion = "Xcode 14.0";
			developmentRegion = en;
			hasScannedForEncodings = 0;
			knownRegions = (
				en,
				Base,
			);
			mainGroup = 843355202BB6E04B008B348C;
			productRefGroup = 8433552A2BB6E04B008B348C /* Products */;
			projectDirPath = "";
			projectRoot = "";
			targets = (
				843355282BB6E04B008B348C /* m_13_2 */,
			);
		};
/* End PBXProject section */

/* Begin PBXResourcesBuildPhase section */
		843355272BB6E04B008B348C /* Resources */ = {
			isa = PBXResourcesBuildPhase;
			buildActionMask = 2147483647;
			files = (
				843355392BB6E04E008B348C /* LaunchScreen.storyboard in Resources */,
				843355362BB6E04E008B348C /* Assets.xcassets in Resources */,
			);
			runOnlyForDeploymentPostprocessing = 0;
		};
/* End PBXResourcesBuildPhase section */

/* Begin PBXSourcesBuildPhase section */
		843355252BB6E04B008B348C /* Sources */ = {
			isa = PBXSourcesBuildPhase;
			buildActionMask = 2147483647;
			files = (
				843355452BB74674008B348C /* SearchViewController.swift in Sources */,
				843355712BB83B30008B348C /* ThreeScreenOne.swift in Sources */,
				843355802BB9445C008B348C /* ThreeScreenThree.swift in Sources */,
				843355432BB74485008B348C /* UserTabBarController.swift in Sources */,
				843355312BB6E04B008B348C /* HomeViewController.swift in Sources */,
				843355412BB73D82008B348C /* TwoScreenOne.swift in Sources */,
				843355472BB74693008B348C /* ProfileViewController.swift in Sources */,
				8433557E2BB9401B008B348C /* TwoScreenTwo.swift in Sources */,
				843355732BB83B4F008B348C /* ThreeScreenTwo.swift in Sources */,
				8433552D2BB6E04B008B348C /* AppDelegate.swift in Sources */,
				843355762BB83C14008B348C /* OneScreenOne.swift in Sources */,
				8433552F2BB6E04B008B348C /* SceneDelegate.swift in Sources */,
			);
			runOnlyForDeploymentPostprocessing = 0;
		};
/* End PBXSourcesBuildPhase section */

/* Begin PBXVariantGroup section */
		843355372BB6E04E008B348C /* LaunchScreen.storyboard */ = {
			isa = PBXVariantGroup;
			children = (
				843355382BB6E04E008B348C /* Base */,
			);
			name = LaunchScreen.storyboard;
			sourceTree = "<group>";
		};
/* End PBXVariantGroup section */

/* Begin XCBuildConfiguration section */
		8433553B2BB6E04E008B348C /* Debug */ = {
			isa = XCBuildConfiguration;
			buildSettings = {
				ALWAYS_SEARCH_USER_PATHS = NO;
				CLANG_ANALYZER_NONNULL = YES;
				CLANG_ANALYZER_NUMBER_OBJECT_CONVERSION = YES_AGGRESSIVE;
				CLANG_CXX_LANGUAGE_STANDARD = "gnu++20";
				CLANG_ENABLE_MODULES = YES;
				CLANG_ENABLE_OBJC_ARC = YES;
				CLANG_ENABLE_OBJC_WEAK = YES;
				CLANG_WARN_BLOCK_CAPTURE_AUTORELEASING = YES;
				CLANG_WARN_BOOL_CONVERSION = YES;
				CLANG_WARN_COMMA = YES;
				CLANG_WARN_CONSTANT_CONVERSION = YES;
				CLANG_WARN_DEPRECATED_OBJC_IMPLEMENTATIONS = YES;
				CLANG_WARN_DIRECT_OBJC_ISA_USAGE = YES_ERROR;
				CLANG_WARN_DOCUMENTATION_COMMENTS = YES;
				CLANG_WARN_EMPTY_BODY = YES;
				CLANG_WARN_ENUM_CONVERSION = YES;
				CLANG_WARN_INFINITE_RECURSION = YES;
				CLANG_WARN_INT_CONVERSION = YES;
				CLANG_WARN_NON_LITERAL_NULL_CONVERSION = YES;
				CLANG_WARN_OBJC_IMPLICIT_RETAIN_SELF = YES;
				CLANG_WARN_OBJC_LITERAL_CONVERSION = YES;
				CLANG_WARN_OBJC_ROOT_CLASS = YES_ERROR;
				CLANG_WARN_QUOTED_INCLUDE_IN_FRAMEWORK_HEADER = YES;
				CLANG_WARN_RANGE_LOOP_ANALYSIS = YES;
				CLANG_WARN_STRICT_PROTOTYPES = YES;
				CLANG_WARN_SUSPICIOUS_MOVE = YES;
				CLANG_WARN_UNGUARDED_AVAILABILITY = YES_AGGRESSIVE;
				CLANG_WARN_UNREACHABLE_CODE = YES;
				CLANG_WARN__DUPLICATE_METHOD_MATCH = YES;
				COPY_PHASE_STRIP = NO;
				DEBUG_INFORMATION_FORMAT = dwarf;
				ENABLE_STRICT_OBJC_MSGSEND = YES;
				ENABLE_TESTABILITY = YES;
				GCC_C_LANGUAGE_STANDARD = gnu11;
				GCC_DYNAMIC_NO_PIC = NO;
				GCC_NO_COMMON_BLOCKS = YES;
				GCC_OPTIMIZATION_LEVEL = 0;
				GCC_PREPROCESSOR_DEFINITIONS = (
					"DEBUG=1",
					"$(inherited)",
				);
				GCC_WARN_64_TO_32_BIT_CONVERSION = YES;
				GCC_WARN_ABOUT_RETURN_TYPE = YES_ERROR;
				GCC_WARN_UNDECLARED_SELECTOR = YES;
				GCC_WARN_UNINITIALIZED_AUTOS = YES_AGGRESSIVE;
				GCC_WARN_UNUSED_FUNCTION = YES;
				GCC_WARN_UNUSED_VARIABLE = YES;
				IPHONEOS_DEPLOYMENT_TARGET = 16.2;
				MTL_ENABLE_DEBUG_INFO = INCLUDE_SOURCE;
				MTL_FAST_MATH = YES;
				ONLY_ACTIVE_ARCH = YES;
				SDKROOT = iphoneos;
				SWIFT_ACTIVE_COMPILATION_CONDITIONS = DEBUG;
				SWIFT_OPTIMIZATION_LEVEL = "-Onone";
			};
			name = Debug;
		};
		8433553C2BB6E04E008B348C /* Release */ = {
			isa = XCBuildConfiguration;
			buildSettings = {
				ALWAYS_SEARCH_USER_PATHS = NO;
				CLANG_ANALYZER_NONNULL = YES;
				CLANG_ANALYZER_NUMBER_OBJECT_CONVERSION = YES_AGGRESSIVE;
				CLANG_CXX_LANGUAGE_STANDARD = "gnu++20";
				CLANG_ENABLE_MODULES = YES;
				CLANG_ENABLE_OBJC_ARC = YES;
				CLANG_ENABLE_OBJC_WEAK = YES;
				CLANG_WARN_BLOCK_CAPTURE_AUTORELEASING = YES;
				CLANG_WARN_BOOL_CONVERSION = YES;
				CLANG_WARN_COMMA = YES;
				CLANG_WARN_CONSTANT_CONVERSION = YES;
				CLANG_WARN_DEPRECATED_OBJC_IMPLEMENTATIONS = YES;
				CLANG_WARN_DIRECT_OBJC_ISA_USAGE = YES_ERROR;
				CLANG_WARN_DOCUMENTATION_COMMENTS = YES;
				CLANG_WARN_EMPTY_BODY = YES;
				CLANG_WARN_ENUM_CONVERSION = YES;
				CLANG_WARN_INFINITE_RECURSION = YES;
				CLANG_WARN_INT_CONVERSION = YES;
				CLANG_WARN_NON_LITERAL_NULL_CONVERSION = YES;
				CLANG_WARN_OBJC_IMPLICIT_RETAIN_SELF = YES;
				CLANG_WARN_OBJC_LITERAL_CONVERSION = YES;
				CLANG_WARN_OBJC_ROOT_CLASS = YES_ERROR;
				CLANG_WARN_QUOTED_INCLUDE_IN_FRAMEWORK_HEADER = YES;
				CLANG_WARN_RANGE_LOOP_ANALYSIS = YES;
				CLANG_WARN_STRICT_PROTOTYPES = YES;
				CLANG_WARN_SUSPICIOUS_MOVE = YES;
				CLANG_WARN_UNGUARDED_AVAILABILITY = YES_AGGRESSIVE;
				CLANG_WARN_UNREACHABLE_CODE = YES;
				CLANG_WARN__DUPLICATE_METHOD_MATCH = YES;
				COPY_PHASE_STRIP = NO;
				DEBUG_INFORMATION_FORMAT = "dwarf-with-dsym";
				ENABLE_NS_ASSERTIONS = NO;
				ENABLE_STRICT_OBJC_MSGSEND = YES;
				GCC_C_LANGUAGE_STANDARD = gnu11;
				GCC_NO_COMMON_BLOCKS = YES;
				GCC_WARN_64_TO_32_BIT_CONVERSION = YES;
				GCC_WARN_ABOUT_RETURN_TYPE = YES_ERROR;
				GCC_WARN_UNDECLARED_SELECTOR = YES;
				GCC_WARN_UNINITIALIZED_AUTOS = YES_AGGRESSIVE;
				GCC_WARN_UNUSED_FUNCTION = YES;
				GCC_WARN_UNUSED_VARIABLE = YES;
				IPHONEOS_DEPLOYMENT_TARGET = 16.2;
				MTL_ENABLE_DEBUG_INFO = NO;
				MTL_FAST_MATH = YES;
				SDKROOT = iphoneos;
				SWIFT_COMPILATION_MODE = wholemodule;
				SWIFT_OPTIMIZATION_LEVEL = "-O";
				VALIDATE_PRODUCT = YES;
			};
			name = Release;
		};
		8433553E2BB6E04E008B348C /* Debug */ = {
			isa = XCBuildConfiguration;
			buildSettings = {
				ASSETCATALOG_COMPILER_APPICON_NAME = AppIcon;
				ASSETCATALOG_COMPILER_GLOBAL_ACCENT_COLOR_NAME = AccentColor;
				CODE_SIGN_STYLE = Automatic;
				CURRENT_PROJECT_VERSION = 1;
				GENERATE_INFOPLIST_FILE = YES;
				INFOPLIST_FILE = m_13_2/Info.plist;
				INFOPLIST_KEY_UIApplicationSupportsIndirectInputEvents = YES;
				INFOPLIST_KEY_UILaunchStoryboardName = LaunchScreen;
				INFOPLIST_KEY_UISupportedInterfaceOrientations_iPad = "UIInterfaceOrientationPortrait UIInterfaceOrientationPortraitUpsideDown UIInterfaceOrientationLandscapeLeft UIInterfaceOrientationLandscapeRight";
				INFOPLIST_KEY_UISupportedInterfaceOrientations_iPhone = "UIInterfaceOrientationPortrait UIInterfaceOrientationLandscapeLeft UIInterfaceOrientationLandscapeRight";
				LD_RUNPATH_SEARCH_PATHS = (
					"$(inherited)",
					"@executable_path/Frameworks",
				);
				MARKETING_VERSION = 1.0;
				PRODUCT_BUNDLE_IDENTIFIER = "shodon.m-13-2";
				PRODUCT_NAME = "$(TARGET_NAME)";
				SWIFT_EMIT_LOC_STRINGS = YES;
				SWIFT_VERSION = 5.0;
				TARGETED_DEVICE_FAMILY = "1,2";
			};
			name = Debug;
		};
		8433553F2BB6E04E008B348C /* Release */ = {
			isa = XCBuildConfiguration;
			buildSettings = {
				ASSETCATALOG_COMPILER_APPICON_NAME = AppIcon;
				ASSETCATALOG_COMPILER_GLOBAL_ACCENT_COLOR_NAME = AccentColor;
				CODE_SIGN_STYLE = Automatic;
				CURRENT_PROJECT_VERSION = 1;
				GENERATE_INFOPLIST_FILE = YES;
				INFOPLIST_FILE = m_13_2/Info.plist;
				INFOPLIST_KEY_UIApplicationSupportsIndirectInputEvents = YES;
				INFOPLIST_KEY_UILaunchStoryboardName = LaunchScreen;
				INFOPLIST_KEY_UISupportedInterfaceOrientations_iPad = "UIInterfaceOrientationPortrait UIInterfaceOrientationPortraitUpsideDown UIInterfaceOrientationLandscapeLeft UIInterfaceOrientationLandscapeRight";
				INFOPLIST_KEY_UISupportedInterfaceOrientations_iPhone = "UIInterfaceOrientationPortrait UIInterfaceOrientationLandscapeLeft UIInterfaceOrientationLandscapeRight";
				LD_RUNPATH_SEARCH_PATHS = (
					"$(inherited)",
					"@executable_path/Frameworks",
				);
				MARKETING_VERSION = 1.0;
				PRODUCT_BUNDLE_IDENTIFIER = "shodon.m-13-2";
				PRODUCT_NAME = "$(TARGET_NAME)";
				SWIFT_EMIT_LOC_STRINGS = YES;
				SWIFT_VERSION = 5.0;
				TARGETED_DEVICE_FAMILY = "1,2";
			};
			name = Release;
		};
/* End XCBuildConfiguration section */

/* Begin XCConfigurationList section */
		843355242BB6E04B008B348C /* Build configuration list for PBXProject "m_13_2" */ = {
			isa = XCConfigurationList;
			buildConfigurations = (
				8433553B2BB6E04E008B348C /* Debug */,
				8433553C2BB6E04E008B348C /* Release */,
			);
			defaultConfigurationIsVisible = 0;
			defaultConfigurationName = Release;
		};
		8433553D2BB6E04E008B348C /* Build configuration list for PBXNativeTarget "m_13_2" */ = {
			isa = XCConfigurationList;
			buildConfigurations = (
				8433553E2BB6E04E008B348C /* Debug */,
				8433553F2BB6E04E008B348C /* Release */,
			);
			defaultConfigurationIsVisible = 0;
			defaultConfigurationName = Release;
		};
/* End XCConfigurationList section */
	};
	rootObject = 843355212BB6E04B008B348C /* Project object */;
}
